{
  "name": "metacall-fnpy-javascript-example",
  "version": "0.1.0",
  "lockfileVersion": 1,
  "requires": true,
  "dependencies": {
    "metacall": {
      "version": "0.3.2",
      "resolved": "https://registry.npmjs.org/metacall/-/metacall-0.3.2.tgz",
      "integrity": "sha512-chyReZplAfNp0sTxZPsMwi4sQ/eRqAtCWGv1Kh7VDaSxR0Nc7+7uLeL4R/wq1wqn6ro4udbabwalyNZQjYn6gQ=="
    }
  }
}
